
Microsoft Visual Studio Solution File, Format Version 12.00
# Visual Studio Version 17
VisualStudioVersion = 17.10.35122.118
MinimumVisualStudioVersion = 10.0.40219.1
Project("{9A19103F-16F7-4668-BE54-9A1E7A4F7556}") = "CardgameServer", "CardgameServer\CardgameServer.csproj", "{6D4AD633-F075-4CB4-A930-EE30DA8733B5}"
EndProject
Project("{9A19103F-16F7-4668-BE54-9A1E7A4F7556}") = "CardgameServerUnitTest", "CardgameServerUnitTest\CardgameServerUnitTest.csproj", "{D1156A0E-4418-4542-9A0E-0F5793DE17BC}"
EndProject
Project("{9A19103F-16F7-4668-BE54-9A1E7A4F7556}") = "CardgameModel", "CardgameModel\CardgameModel.csproj", "{2BE398D0-BF68-45DD-92AC-B22DB6C9188B}"
EndProject
Global
	GlobalSection(SolutionConfigurationPlatforms) = preSolution
		Debug|Any CPU = Debug|Any CPU
		Release|Any CPU = Release|Any CPU
	EndGlobalSection
	GlobalSection(ProjectConfigurationPlatforms) = postSolution
		{6D4AD633-F075-4CB4-A930-EE30DA8733B5}.Debug|Any CPU.ActiveCfg = Debug|Any CPU
		{6D4AD633-F075-4CB4-A930-EE30DA8733B5}.Debug|Any CPU.Build.0 = Debug|Any CPU
		{6D4AD633-F075-4CB4-A930-EE30DA8733B5}.Release|Any CPU.ActiveCfg = Release|Any CPU
		{6D4AD633-F075-4CB4-A930-EE30DA8733B5}.Release|Any CPU.Build.0 = Release|Any CPU
		{D1156A0E-4418-4542-9A0E-0F5793DE17BC}.Debug|Any CPU.ActiveCfg = Debug|Any CPU
		{D1156A0E-4418-4542-9A0E-0F5793DE17BC}.Debug|Any CPU.Build.0 = Debug|Any CPU
		{D1156A0E-4418-4542-9A0E-0F5793DE17BC}.Release|Any CPU.ActiveCfg = Release|Any CPU
		{D1156A0E-4418-4542-9A0E-0F5793DE17BC}.Release|Any CPU.Build.0 = Release|Any CPU
		{2BE398D0-BF68-45DD-92AC-B22DB6C9188B}.Debug|Any CPU.ActiveCfg = Debug|Any CPU
		{2BE398D0-BF68-45DD-92AC-B22DB6C9188B}.Debug|Any CPU.Build.0 = Debug|Any CPU
		{2BE398D0-BF68-45DD-92AC-B22DB6C9188B}.Release|Any CPU.ActiveCfg = Release|Any CPU
		{2BE398D0-BF68-45DD-92AC-B22DB6C9188B}.Release|Any CPU.Build.0 = Release|Any CPU
	EndGlobalSection
	GlobalSection(SolutionProperties) = preSolution
		HideSolutionNode = FALSE
	EndGlobalSection
	GlobalSection(ExtensibilityGlobals) = postSolution
		SolutionGuid = {5D9DE1DD-CE08-47F3-A0F6-90BD745A23F5}
	EndGlobalSection
EndGlobal
